
Microsoft Visual Studio Solution File, Format Version 12.00
# Visual Studio Version 16
VisualStudioVersion = 16.0.31702.278
MinimumVisualStudioVersion = 10.0.40219.1
Project("{FAE04EC0-301F-11D3-BF4B-00C04F79EFBC}") = "EmployME Application Center", "EmployeME Application Center\EmployME Application Center.csproj", "{58338008-1DAE-4339-816E-35D036A84799}"
EndProject
Global
	GlobalSection(SolutionConfigurationPlatforms) = preSolution
		Debug|Any CPU = Debug|Any CPU
		Release|Any CPU = Release|Any CPU
	EndGlobalSection
	GlobalSection(ProjectConfigurationPlatforms) = postSolution
		{58338008-1DAE-4339-816E-35D036A84799}.Debug|Any CPU.ActiveCfg = Debug|Any CPU
		{58338008-1DAE-4339-816E-35D036A84799}.Debug|Any CPU.Build.0 = Debug|Any CPU
		{58338008-1DAE-4339-816E-35D036A84799}.Release|Any CPU.ActiveCfg = Release|Any CPU
		{58338008-1DAE-4339-816E-35D036A84799}.Release|Any CPU.Build.0 = Release|Any CPU
	EndGlobalSection
	GlobalSection(SolutionProperties) = preSolution
		HideSolutionNode = FALSE
	EndGlobalSection
	GlobalSection(ExtensibilityGlobals) = postSolution
		SolutionGuid = {CC95DA8A-7F2E-4FC7-8263-47AC8C32D64B}
	EndGlobalSection
EndGlobal
